
Microsoft Visual Studio Solution File, Format Version 12.00
# Visual Studio Version 16
VisualStudioVersion = 16.0.31605.320
MinimumVisualStudioVersion = 10.0.40219.1
Project("{FAE04EC0-301F-11D3-BF4B-00C04F79EFBC}") = "DNDCharaRandomizer", "DNDCharaRandomizer.csproj", "{164284E3-ACDA-49FB-8A6A-D4B1E58650CC}"
EndProject
Global
	GlobalSection(SolutionConfigurationPlatforms) = preSolution
		Debug|Any CPU = Debug|Any CPU
		Release|Any CPU = Release|Any CPU
	EndGlobalSection
	GlobalSection(ProjectConfigurationPlatforms) = postSolution
		{164284E3-ACDA-49FB-8A6A-D4B1E58650CC}.Debug|Any CPU.ActiveCfg = Debug|Any CPU
		{164284E3-ACDA-49FB-8A6A-D4B1E58650CC}.Debug|Any CPU.Build.0 = Debug|Any CPU
		{164284E3-ACDA-49FB-8A6A-D4B1E58650CC}.Release|Any CPU.ActiveCfg = Release|Any CPU
		{164284E3-ACDA-49FB-8A6A-D4B1E58650CC}.Release|Any CPU.Build.0 = Release|Any CPU
	EndGlobalSection
	GlobalSection(SolutionProperties) = preSolution
		HideSolutionNode = FALSE
	EndGlobalSection
	GlobalSection(ExtensibilityGlobals) = postSolution
		SolutionGuid = {4FEB42AA-36BF-4C3B-BEF6-022ADDBF57E0}
	EndGlobalSection
EndGlobal
